
Microsoft Visual Studio Solution File, Format Version 12.00
# Visual Studio Version 17
VisualStudioVersion = 17.0.31903.59
MinimumVisualStudioVersion = 10.0.40219.1
Project("{FAE04EC0-301F-11D3-BF4B-00C04F79EFBC}") = "Task1", "Task1\Task1.csproj", "{D098F1AA-84AD-42C4-ACD9-5C4950E2847A}"
EndProject
Project("{FAE04EC0-301F-11D3-BF4B-00C04F79EFBC}") = "Task2", "Task2\Task2.csproj", "{314EB766-B10F-432F-8024-7787CA851D69}"
EndProject
Project("{FAE04EC0-301F-11D3-BF4B-00C04F79EFBC}") = "Task3", "Task3\Task3.csproj", "{428F1D7D-8F21-4809-957C-7F34D13D069D}"
EndProject
Global
	GlobalSection(SolutionConfigurationPlatforms) = preSolution
		Debug|Any CPU = Debug|Any CPU
		Release|Any CPU = Release|Any CPU
	EndGlobalSection
	GlobalSection(SolutionProperties) = preSolution
		HideSolutionNode = FALSE
	EndGlobalSection
	GlobalSection(ProjectConfigurationPlatforms) = postSolution
		{D098F1AA-84AD-42C4-ACD9-5C4950E2847A}.Debug|Any CPU.ActiveCfg = Debug|Any CPU
		{D098F1AA-84AD-42C4-ACD9-5C4950E2847A}.Debug|Any CPU.Build.0 = Debug|Any CPU
		{D098F1AA-84AD-42C4-ACD9-5C4950E2847A}.Release|Any CPU.ActiveCfg = Release|Any CPU
		{D098F1AA-84AD-42C4-ACD9-5C4950E2847A}.Release|Any CPU.Build.0 = Release|Any CPU
		{314EB766-B10F-432F-8024-7787CA851D69}.Debug|Any CPU.ActiveCfg = Debug|Any CPU
		{314EB766-B10F-432F-8024-7787CA851D69}.Debug|Any CPU.Build.0 = Debug|Any CPU
		{314EB766-B10F-432F-8024-7787CA851D69}.Release|Any CPU.ActiveCfg = Release|Any CPU
		{314EB766-B10F-432F-8024-7787CA851D69}.Release|Any CPU.Build.0 = Release|Any CPU
		{428F1D7D-8F21-4809-957C-7F34D13D069D}.Debug|Any CPU.ActiveCfg = Debug|Any CPU
		{428F1D7D-8F21-4809-957C-7F34D13D069D}.Debug|Any CPU.Build.0 = Debug|Any CPU
		{428F1D7D-8F21-4809-957C-7F34D13D069D}.Release|Any CPU.ActiveCfg = Release|Any CPU
		{428F1D7D-8F21-4809-957C-7F34D13D069D}.Release|Any CPU.Build.0 = Release|Any CPU
	EndGlobalSection
EndGlobal
